
Microsoft Visual Studio Solution File, Format Version 12.00
# Visual Studio Version 16
VisualStudioVersion = 16.0.30320.27
MinimumVisualStudioVersion = 10.0.40219.1
Project("{911E67C6-3D85-4FCE-B560-20A9C3E3FF48}") = "MusicBee", "..\External References\MusicBeePortable\MusicBee.exe", "{0D3D2D2F-350D-4CF3-989B-E04521CC1DFF}"
	ProjectSection(DebuggerProjectSystem) = preProject
		PortSupplier = 00000000-0000-0000-0000-000000000000
		Executable = F:\workspace\External References\MusicBeePortable\MusicBee.exe
		RemoteMachine = DESKTOP-3DKE6FE
		StartingDirectory = F:\workspace\External References\MusicBeePortable
		Environment = Default
		LaunchingEngine = 00000000-0000-0000-0000-000000000000
		UseLegacyDebugEngines = No
		LaunchSQLEngine = No
		AttachLaunchAction = No
	EndProjectSection
EndProject
Project("{2150E333-8FDC-42A3-9474-1A3956D46DE8}") = "Solution Items", "Solution Items", "{A2B0ECB2-8B4F-4F2B-AF5E-40A86D0758AD}"
	ProjectSection(SolutionItems) = preProject
		README.md = README.md
	EndProjectSection
EndProject
Project("{FAE04EC0-301F-11D3-BF4B-00C04F79EFBC}") = "MusicBeeExporter", "MusicBeeExporter\MusicBeeExporter.csproj", "{70EC6C50-C2FC-4A89-A864-7E8B62AFE8F9}"
EndProject
Project("{FAE04EC0-301F-11D3-BF4B-00C04F79EFBC}") = "MusicBeePluginWrapper", "MusicBeePluginWrapper\MusicBeePluginWrapper.csproj", "{F5D46BA1-6F21-40EF-9695-46105CCACD08}"
EndProject
Global
	GlobalSection(SolutionConfigurationPlatforms) = preSolution
		Debug|Any CPU = Debug|Any CPU
		Debug|x86 = Debug|x86
		Release|Any CPU = Release|Any CPU
		Release|x86 = Release|x86
	EndGlobalSection
	GlobalSection(ProjectConfigurationPlatforms) = postSolution
		{0D3D2D2F-350D-4CF3-989B-E04521CC1DFF}.Debug|Any CPU.ActiveCfg = Release|x86
		{0D3D2D2F-350D-4CF3-989B-E04521CC1DFF}.Debug|x86.ActiveCfg = Release|x86
		{0D3D2D2F-350D-4CF3-989B-E04521CC1DFF}.Release|Any CPU.ActiveCfg = Release|x86
		{0D3D2D2F-350D-4CF3-989B-E04521CC1DFF}.Release|x86.ActiveCfg = Release|x86
		{70EC6C50-C2FC-4A89-A864-7E8B62AFE8F9}.Debug|Any CPU.ActiveCfg = Debug|Any CPU
		{70EC6C50-C2FC-4A89-A864-7E8B62AFE8F9}.Debug|Any CPU.Build.0 = Debug|Any CPU
		{70EC6C50-C2FC-4A89-A864-7E8B62AFE8F9}.Debug|x86.ActiveCfg = Debug|Any CPU
		{70EC6C50-C2FC-4A89-A864-7E8B62AFE8F9}.Debug|x86.Build.0 = Debug|Any CPU
		{70EC6C50-C2FC-4A89-A864-7E8B62AFE8F9}.Release|Any CPU.ActiveCfg = Release|Any CPU
		{70EC6C50-C2FC-4A89-A864-7E8B62AFE8F9}.Release|Any CPU.Build.0 = Release|Any CPU
		{70EC6C50-C2FC-4A89-A864-7E8B62AFE8F9}.Release|x86.ActiveCfg = Release|Any CPU
		{70EC6C50-C2FC-4A89-A864-7E8B62AFE8F9}.Release|x86.Build.0 = Release|Any CPU
		{F5D46BA1-6F21-40EF-9695-46105CCACD08}.Debug|Any CPU.ActiveCfg = Debug|Any CPU
		{F5D46BA1-6F21-40EF-9695-46105CCACD08}.Debug|Any CPU.Build.0 = Debug|Any CPU
		{F5D46BA1-6F21-40EF-9695-46105CCACD08}.Debug|x86.ActiveCfg = Debug|x86
		{F5D46BA1-6F21-40EF-9695-46105CCACD08}.Debug|x86.Build.0 = Debug|x86
		{F5D46BA1-6F21-40EF-9695-46105CCACD08}.Release|Any CPU.ActiveCfg = Release|Any CPU
		{F5D46BA1-6F21-40EF-9695-46105CCACD08}.Release|Any CPU.Build.0 = Release|Any CPU
		{F5D46BA1-6F21-40EF-9695-46105CCACD08}.Release|x86.ActiveCfg = Release|x86
		{F5D46BA1-6F21-40EF-9695-46105CCACD08}.Release|x86.Build.0 = Release|x86
	EndGlobalSection
	GlobalSection(SolutionProperties) = preSolution
		HideSolutionNode = FALSE
	EndGlobalSection
	GlobalSection(ExtensibilityGlobals) = postSolution
		SolutionGuid = {08E12DB5-8F44-4485-94D6-1881C3834DE6}
	EndGlobalSection
EndGlobal
